
Microsoft Visual Studio Solution File, Format Version 12.00
# Visual Studio Version 17
VisualStudioVersion = 17.14.36414.22 d17.14
MinimumVisualStudioVersion = 10.0.40219.1
Project("{FAE04EC0-301F-11D3-BF4B-00C04F79EFBC}") = "Proyecto1", "Proyecto1\Proyecto1.csproj", "{0A10AA26-E546-406F-BAC5-60085EC0C31D}"
EndProject
Global
	GlobalSection(SolutionConfigurationPlatforms) = preSolution
		Debug|Any CPU = Debug|Any CPU
		Release|Any CPU = Release|Any CPU
	EndGlobalSection
	GlobalSection(ProjectConfigurationPlatforms) = postSolution
		{0A10AA26-E546-406F-BAC5-60085EC0C31D}.Debug|Any CPU.ActiveCfg = Debug|Any CPU
		{0A10AA26-E546-406F-BAC5-60085EC0C31D}.Debug|Any CPU.Build.0 = Debug|Any CPU
		{0A10AA26-E546-406F-BAC5-60085EC0C31D}.Release|Any CPU.ActiveCfg = Release|Any CPU
		{0A10AA26-E546-406F-BAC5-60085EC0C31D}.Release|Any CPU.Build.0 = Release|Any CPU
	EndGlobalSection
	GlobalSection(SolutionProperties) = preSolution
		HideSolutionNode = FALSE
	EndGlobalSection
	GlobalSection(ExtensibilityGlobals) = postSolution
		SolutionGuid = {625C60FD-6475-4EF4-846C-5B456388F9BE}
	EndGlobalSection
EndGlobal
